
Microsoft Visual Studio Solution File, Format Version 12.00
# Visual Studio Version 16
VisualStudioVersion = 16.0.31112.23
MinimumVisualStudioVersion = 10.0.40219.1
Project("{FAE04EC0-301F-11D3-BF4B-00C04F79EFBC}") = "N5.Authorization", "N5.Authorization\N5.Authorization.csproj", "{47FF3B03-4973-416D-A1A8-00B75BEAAA2F}"
EndProject
Global
	GlobalSection(SolutionConfigurationPlatforms) = preSolution
		Debug|Any CPU = Debug|Any CPU
		Release|Any CPU = Release|Any CPU
	EndGlobalSection
	GlobalSection(ProjectConfigurationPlatforms) = postSolution
		{47FF3B03-4973-416D-A1A8-00B75BEAAA2F}.Debug|Any CPU.ActiveCfg = Debug|Any CPU
		{47FF3B03-4973-416D-A1A8-00B75BEAAA2F}.Debug|Any CPU.Build.0 = Debug|Any CPU
		{47FF3B03-4973-416D-A1A8-00B75BEAAA2F}.Release|Any CPU.ActiveCfg = Release|Any CPU
		{47FF3B03-4973-416D-A1A8-00B75BEAAA2F}.Release|Any CPU.Build.0 = Release|Any CPU
	EndGlobalSection
	GlobalSection(SolutionProperties) = preSolution
		HideSolutionNode = FALSE
	EndGlobalSection
	GlobalSection(ExtensibilityGlobals) = postSolution
		SolutionGuid = {75AEBD4F-8320-4462-8FF7-2024B304230A}
	EndGlobalSection
EndGlobal
